
Microsoft Visual Studio Solution File, Format Version 12.00
# Visual Studio Version 16
VisualStudioVersion = 16.0.31112.23
MinimumVisualStudioVersion = 10.0.40219.1
Project("{8BC9CEB8-8B4A-11D0-8D11-00A0C91BC942}") = "MyGuiLib", "MyGuiLib\MyGuiLib.vcxproj", "{4A8A4CB7-70BA-4B8A-ADDA-80B2D86C7D7E}"
EndProject
Project("{8BC9CEB8-8B4A-11D0-8D11-00A0C91BC942}") = "Painter", "Painter\Painter.vcxproj", "{CA542399-157F-4CAC-80BA-03FA99085B02}"
EndProject
Project("{8BC9CEB8-8B4A-11D0-8D11-00A0C91BC942}") = "Calculator", "Calculator\Calculator.vcxproj", "{A66AD8EC-D12A-4CE1-ADCB-02E15E0B0179}"
EndProject
Global
	GlobalSection(SolutionConfigurationPlatforms) = preSolution
		Debug|x64 = Debug|x64
		Debug|x86 = Debug|x86
		Release|x64 = Release|x64
		Release|x86 = Release|x86
	EndGlobalSection
	GlobalSection(ProjectConfigurationPlatforms) = postSolution
		{4A8A4CB7-70BA-4B8A-ADDA-80B2D86C7D7E}.Debug|x64.ActiveCfg = Debug|x64
		{4A8A4CB7-70BA-4B8A-ADDA-80B2D86C7D7E}.Debug|x64.Build.0 = Debug|x64
		{4A8A4CB7-70BA-4B8A-ADDA-80B2D86C7D7E}.Debug|x86.ActiveCfg = Debug|Win32
		{4A8A4CB7-70BA-4B8A-ADDA-80B2D86C7D7E}.Debug|x86.Build.0 = Debug|Win32
		{4A8A4CB7-70BA-4B8A-ADDA-80B2D86C7D7E}.Release|x64.ActiveCfg = Release|x64
		{4A8A4CB7-70BA-4B8A-ADDA-80B2D86C7D7E}.Release|x64.Build.0 = Release|x64
		{4A8A4CB7-70BA-4B8A-ADDA-80B2D86C7D7E}.Release|x86.ActiveCfg = Release|Win32
		{4A8A4CB7-70BA-4B8A-ADDA-80B2D86C7D7E}.Release|x86.Build.0 = Release|Win32
		{CA542399-157F-4CAC-80BA-03FA99085B02}.Debug|x64.ActiveCfg = Debug|x64
		{CA542399-157F-4CAC-80BA-03FA99085B02}.Debug|x64.Build.0 = Debug|x64
		{CA542399-157F-4CAC-80BA-03FA99085B02}.Debug|x86.ActiveCfg = Debug|Win32
		{CA542399-157F-4CAC-80BA-03FA99085B02}.Debug|x86.Build.0 = Debug|Win32
		{CA542399-157F-4CAC-80BA-03FA99085B02}.Release|x64.ActiveCfg = Release|x64
		{CA542399-157F-4CAC-80BA-03FA99085B02}.Release|x64.Build.0 = Release|x64
		{CA542399-157F-4CAC-80BA-03FA99085B02}.Release|x86.ActiveCfg = Release|Win32
		{CA542399-157F-4CAC-80BA-03FA99085B02}.Release|x86.Build.0 = Release|Win32
		{A66AD8EC-D12A-4CE1-ADCB-02E15E0B0179}.Debug|x64.ActiveCfg = Debug|x64
		{A66AD8EC-D12A-4CE1-ADCB-02E15E0B0179}.Debug|x64.Build.0 = Debug|x64
		{A66AD8EC-D12A-4CE1-ADCB-02E15E0B0179}.Debug|x86.ActiveCfg = Debug|Win32
		{A66AD8EC-D12A-4CE1-ADCB-02E15E0B0179}.Debug|x86.Build.0 = Debug|Win32
		{A66AD8EC-D12A-4CE1-ADCB-02E15E0B0179}.Release|x64.ActiveCfg = Release|x64
		{A66AD8EC-D12A-4CE1-ADCB-02E15E0B0179}.Release|x64.Build.0 = Release|x64
		{A66AD8EC-D12A-4CE1-ADCB-02E15E0B0179}.Release|x86.ActiveCfg = Release|Win32
		{A66AD8EC-D12A-4CE1-ADCB-02E15E0B0179}.Release|x86.Build.0 = Release|Win32
	EndGlobalSection
	GlobalSection(SolutionProperties) = preSolution
		HideSolutionNode = FALSE
	EndGlobalSection
	GlobalSection(ExtensibilityGlobals) = postSolution
		SolutionGuid = {91FFB581-C597-41D5-A5CD-62F89F381E95}
	EndGlobalSection
EndGlobal
